{
  "requires": true,
  "lockfileVersion": 1,
  "dependencies": {
    "node-color-log": {
      "version": "2.2.0",
      "resolved": "https://registry.npmjs.org/node-color-log/-/node-color-log-2.2.0.tgz",
      "integrity": "sha512-Bzr3CbIMmzlVTioYNzPz1qLwQDdajM7Om6A+1DgTQq4IqsdM5UabfWysuWnsN/jrhj8kiFCNqJousxYeN4PP9w=="
    }
  }
}
